
Microsoft Visual Studio Solution File, Format Version 12.00
# Visual Studio Version 16
VisualStudioVersion = 16.0.31515.178
MinimumVisualStudioVersion = 10.0.40219.1
Project("{FAE04EC0-301F-11D3-BF4B-00C04F79EFBC}") = "Hero_Sftp_New", "Hero_Sftp_New.csproj", "{1F46805E-A3DE-4AC9-B40B-2778CC3670A4}"
EndProject
Global
	GlobalSection(SolutionConfigurationPlatforms) = preSolution
		Debug|Any CPU = Debug|Any CPU
		Release|Any CPU = Release|Any CPU
	EndGlobalSection
	GlobalSection(ProjectConfigurationPlatforms) = postSolution
		{1F46805E-A3DE-4AC9-B40B-2778CC3670A4}.Debug|Any CPU.ActiveCfg = Debug|Any CPU
		{1F46805E-A3DE-4AC9-B40B-2778CC3670A4}.Debug|Any CPU.Build.0 = Debug|Any CPU
		{1F46805E-A3DE-4AC9-B40B-2778CC3670A4}.Release|Any CPU.ActiveCfg = Release|Any CPU
		{1F46805E-A3DE-4AC9-B40B-2778CC3670A4}.Release|Any CPU.Build.0 = Release|Any CPU
	EndGlobalSection
	GlobalSection(SolutionProperties) = preSolution
		HideSolutionNode = FALSE
	EndGlobalSection
	GlobalSection(ExtensibilityGlobals) = postSolution
		SolutionGuid = {7E1517A7-69D6-4D7D-9A97-C24CC9622444}
	EndGlobalSection
EndGlobal
